
Microsoft Visual Studio Solution File, Format Version 12.00
# Visual Studio 15
VisualStudioVersion = 15.0.28307.1000
MinimumVisualStudioVersion = 10.0.40219.1
Project("{8BC9CEB8-8B4A-11D0-8D11-00A0C91BC942}") = "Energiez", "Energiez.vcxproj", "{38174593-358E-30E2-A6F9-3F69F237A1BF}"
EndProject
Global
	GlobalSection(SolutionConfigurationPlatforms) = preSolution
		Debug|x64 = Debug|x64
		MinSizeRel|x64 = MinSizeRel|x64
		Release|x64 = Release|x64
		RelWithDebInfo|x64 = RelWithDebInfo|x64
	EndGlobalSection
	GlobalSection(ProjectConfigurationPlatforms) = postSolution
		{38174593-358E-30E2-A6F9-3F69F237A1BF}.Debug|x64.ActiveCfg = Debug|x64
		{38174593-358E-30E2-A6F9-3F69F237A1BF}.Debug|x64.Build.0 = Debug|x64
		{38174593-358E-30E2-A6F9-3F69F237A1BF}.MinSizeRel|x64.ActiveCfg = MinSizeRel|x64
		{38174593-358E-30E2-A6F9-3F69F237A1BF}.MinSizeRel|x64.Build.0 = MinSizeRel|x64
		{38174593-358E-30E2-A6F9-3F69F237A1BF}.Release|x64.ActiveCfg = Release|x64
		{38174593-358E-30E2-A6F9-3F69F237A1BF}.Release|x64.Build.0 = Release|x64
		{38174593-358E-30E2-A6F9-3F69F237A1BF}.RelWithDebInfo|x64.ActiveCfg = RelWithDebInfo|x64
		{38174593-358E-30E2-A6F9-3F69F237A1BF}.RelWithDebInfo|x64.Build.0 = RelWithDebInfo|x64
	EndGlobalSection
	GlobalSection(SolutionProperties) = preSolution
		HideSolutionNode = FALSE
	EndGlobalSection
	GlobalSection(ExtensibilityGlobals) = postSolution
		SolutionGuid = {1997CE5C-4C30-39A0-B4F6-8B376970F522}
	EndGlobalSection
EndGlobal
