<?xml version="1.0" encoding="utf-8"?>
<Project ToolsVersion="15.0" xmlns="http://schemas.microsoft.com/developer/msbuild/2003">
  <ItemGroup>
    <CustomBuild Include="C:\Users\Dendeguz\Downloads\ogre-1.12.7\ogre-1.12.7\Samples\EmptyVSProject\CMakeLists.txt" />
  </ItemGroup>
  <ItemGroup>
    <Filter Include="Source Files">
      <UniqueIdentifier>{56C78765-B107-30B6-A521-94BD5378CF5F}</UniqueIdentifier>
    </Filter>
    <Filter Include="Source Files\Core">
      <UniqueIdentifier>{6f3748ec-ed02-4d45-8af9-bf7736adbff4}</UniqueIdentifier>
    </Filter>
    <Filter Include="Source Files\Camera">
      <UniqueIdentifier>{fe5aec95-dca0-4e19-9d75-de7ed0795e68}</UniqueIdentifier>
    </Filter>
    <Filter Include="Source Files\World">
      <UniqueIdentifier>{02921a82-f840-4d89-a1b2-138f40d64b34}</UniqueIdentifier>
    </Filter>
    <Filter Include="Source Files\UI">
      <UniqueIdentifier>{e28f5b6d-5fee-404c-bbe2-a681411b4be7}</UniqueIdentifier>
    </Filter>
    <Filter Include="Source Files\Physics">
      <UniqueIdentifier>{80374f44-6857-473d-aee9-abc4ded64233}</UniqueIdentifier>
    </Filter>
  </ItemGroup>
  <ItemGroup>
    <ClCompile Include="Source\Core\EnergiezApp.cpp">
      <Filter>Source Files\Core</Filter>
    </ClCompile>
    <ClCompile Include="Source\Core\Main.cpp">
      <Filter>Source Files\Core</Filter>
    </ClCompile>
    <ClCompile Include="Source\Camera\CDPRCameraController.cpp">
      <Filter>Source Files\Camera</Filter>
    </ClCompile>
    <ClCompile Include="Source\World\CDPRWorld.cpp">
      <Filter>Source Files\World</Filter>
    </ClCompile>
    <ClCompile Include="Source\UI\CDPRUIManager.cpp">
      <Filter>Source Files\UI</Filter>
    </ClCompile>
    <ClCompile Include="Source\World\CDPRSkyScraper.cpp">
      <Filter>Source Files\World</Filter>
    </ClCompile>
    <ClCompile Include="Source\Physics\CDPRPhysics.cpp">
      <Filter>Source Files\Physics</Filter>
    </ClCompile>
  </ItemGroup>
  <ItemGroup>
    <ClInclude Include="Source\Core\EnergiezApp.h">
      <Filter>Source Files\Core</Filter>
    </ClInclude>
    <ClInclude Include="Source\Camera\CDPRCameraController.h">
      <Filter>Source Files\Camera</Filter>
    </ClInclude>
    <ClInclude Include="Source\World\CDPRWorld.h">
      <Filter>Source Files\World</Filter>
    </ClInclude>
    <ClInclude Include="Source\UI\CDPRUIManager.h">
      <Filter>Source Files\UI</Filter>
    </ClInclude>
    <ClInclude Include="Source\World\CDPRSkyScraper.h">
      <Filter>Source Files\World</Filter>
    </ClInclude>
    <ClInclude Include="Source\Physics\CDPRPhysics.h">
      <Filter>Source Files\Physics</Filter>
    </ClInclude>
  </ItemGroup>
</Project>